
Microsoft Visual Studio Solution File, Format Version 12.00
# Visual Studio Version 16
VisualStudioVersion = 16.0.30523.141
MinimumVisualStudioVersion = 10.0.40219.1
Project("{FAE04EC0-301F-11D3-BF4B-00C04F79EFBC}") = "MyForm", "MyForm\MyForm.csproj", "{2A62BC56-D90F-4FCA-9FFD-6BA4BC470510}"
EndProject
Global
	GlobalSection(SolutionConfigurationPlatforms) = preSolution
		Debug|Any CPU = Debug|Any CPU
		Release|Any CPU = Release|Any CPU
	EndGlobalSection
	GlobalSection(ProjectConfigurationPlatforms) = postSolution
		{2A62BC56-D90F-4FCA-9FFD-6BA4BC470510}.Debug|Any CPU.ActiveCfg = Debug|Any CPU
		{2A62BC56-D90F-4FCA-9FFD-6BA4BC470510}.Debug|Any CPU.Build.0 = Debug|Any CPU
		{2A62BC56-D90F-4FCA-9FFD-6BA4BC470510}.Release|Any CPU.ActiveCfg = Release|Any CPU
		{2A62BC56-D90F-4FCA-9FFD-6BA4BC470510}.Release|Any CPU.Build.0 = Release|Any CPU
	EndGlobalSection
	GlobalSection(SolutionProperties) = preSolution
		HideSolutionNode = FALSE
	EndGlobalSection
	GlobalSection(ExtensibilityGlobals) = postSolution
		SolutionGuid = {841B041F-E7F0-4E2E-B32A-27750EB6970D}
	EndGlobalSection
EndGlobal
